
Microsoft Visual Studio Solution File, Format Version 12.00
# Visual Studio Version 17
VisualStudioVersion = 17.4.33403.182
MinimumVisualStudioVersion = 10.0.40219.1
Project("{8BC9CEB8-8B4A-11D0-8D11-00A0C91BC942}") = "M05 Lecture Lab Activity 2", "M05 Lecture Lab Activity 2.vcxproj", "{D50AF825-6512-491D-8AAD-612C6FF01324}"
EndProject
Global
	GlobalSection(SolutionConfigurationPlatforms) = preSolution
		Debug|x64 = Debug|x64
		Debug|x86 = Debug|x86
		Release|x64 = Release|x64
		Release|x86 = Release|x86
	EndGlobalSection
	GlobalSection(ProjectConfigurationPlatforms) = postSolution
		{D50AF825-6512-491D-8AAD-612C6FF01324}.Debug|x64.ActiveCfg = Debug|x64
		{D50AF825-6512-491D-8AAD-612C6FF01324}.Debug|x64.Build.0 = Debug|x64
		{D50AF825-6512-491D-8AAD-612C6FF01324}.Debug|x86.ActiveCfg = Debug|Win32
		{D50AF825-6512-491D-8AAD-612C6FF01324}.Debug|x86.Build.0 = Debug|Win32
		{D50AF825-6512-491D-8AAD-612C6FF01324}.Release|x64.ActiveCfg = Release|x64
		{D50AF825-6512-491D-8AAD-612C6FF01324}.Release|x64.Build.0 = Release|x64
		{D50AF825-6512-491D-8AAD-612C6FF01324}.Release|x86.ActiveCfg = Release|Win32
		{D50AF825-6512-491D-8AAD-612C6FF01324}.Release|x86.Build.0 = Release|Win32
	EndGlobalSection
	GlobalSection(SolutionProperties) = preSolution
		HideSolutionNode = FALSE
	EndGlobalSection
	GlobalSection(ExtensibilityGlobals) = postSolution
		SolutionGuid = {421014A0-F584-4600-95F0-2EC5C191109D}
	EndGlobalSection
EndGlobal
